
Microsoft Visual Studio Solution File, Format Version 12.00
# Visual Studio Version 17
VisualStudioVersion = 17.4.33213.308
MinimumVisualStudioVersion = 10.0.40219.1
Project("{9A19103F-16F7-4668-BE54-9A1E7A4F7556}") = "CapstoneProject", "CapstoneProject.csproj", "{BDA1A7ED-4B35-49C6-9171-609739D82CCC}"
EndProject
Global
	GlobalSection(SolutionConfigurationPlatforms) = preSolution
		Debug|Any CPU = Debug|Any CPU
		Release|Any CPU = Release|Any CPU
	EndGlobalSection
	GlobalSection(ProjectConfigurationPlatforms) = postSolution
		{BDA1A7ED-4B35-49C6-9171-609739D82CCC}.Debug|Any CPU.ActiveCfg = Debug|Any CPU
		{BDA1A7ED-4B35-49C6-9171-609739D82CCC}.Debug|Any CPU.Build.0 = Debug|Any CPU
		{BDA1A7ED-4B35-49C6-9171-609739D82CCC}.Release|Any CPU.ActiveCfg = Release|Any CPU
		{BDA1A7ED-4B35-49C6-9171-609739D82CCC}.Release|Any CPU.Build.0 = Release|Any CPU
	EndGlobalSection
	GlobalSection(SolutionProperties) = preSolution
		HideSolutionNode = FALSE
	EndGlobalSection
	GlobalSection(ExtensibilityGlobals) = postSolution
		SolutionGuid = {EE8B7E40-7BEF-41AA-AAAD-E30A1DE8FCB8}
	EndGlobalSection
EndGlobal
